
Microsoft Visual Studio Solution File, Format Version 10.00
# Visual Studio 2008
Project("{8BC9CEB8-8B4A-11D0-8D11-00A0C91BC942}") = "VFS", "VFS\VFS.vcproj", "{F3A713A7-CCD9-44C2-9793-2AAEDC52146F}"
EndProject
Project("{8BC9CEB8-8B4A-11D0-8D11-00A0C91BC942}") = "VFS Test", "VFS Test\VFS Test.vcproj", "{7B907C7F-718A-4C8E-BE71-1546E055E491}"
EndProject
Project("{8BC9CEB8-8B4A-11D0-8D11-00A0C91BC942}") = "Viewer", "Viewer\Viewer.vcproj", "{80E12246-86D6-4AC8-8264-03799BACEF87}"
EndProject
Project("{8BC9CEB8-8B4A-11D0-8D11-00A0C91BC942}") = "Shared", "Shared\Shared.vcproj", "{EAC35064-344F-4A2A-8F50-49A260FFD2AF}"
EndProject
Project("{8BC9CEB8-8B4A-11D0-8D11-00A0C91BC942}") = "VFS Server", "VFS Server\VFS Server.vcproj", "{00230A35-7778-425D-AD4C-1225D1F5E519}"
EndProject
Project("{8BC9CEB8-8B4A-11D0-8D11-00A0C91BC942}") = "Console Client", "Console Client\Console Client.vcproj", "{32DF7D8D-B6F7-4444-B399-7FE35FF309D0}"
EndProject
Project("{8BC9CEB8-8B4A-11D0-8D11-00A0C91BC942}") = "RPC VFS", "RPC VFS\RPC VFS.vcproj", "{A7E51FC6-0DAD-4789-AA4A-3A9E91F59A05}"
EndProject
Global
	GlobalSection(SolutionConfigurationPlatforms) = preSolution
		Debug dll|Win32 = Debug dll|Win32
		Debug dll|x64 = Debug dll|x64
		Debug dll|x86 = Debug dll|x86
		Debug|Win32 = Debug|Win32
		Debug|x64 = Debug|x64
		Debug|x86 = Debug|x86
		Release dll|Win32 = Release dll|Win32
		Release dll|x64 = Release dll|x64
		Release dll|x86 = Release dll|x86
		Release|Win32 = Release|Win32
		Release|x64 = Release|x64
		Release|x86 = Release|x86
	EndGlobalSection
	GlobalSection(ProjectConfigurationPlatforms) = postSolution
		{F3A713A7-CCD9-44C2-9793-2AAEDC52146F}.Debug dll|Win32.ActiveCfg = Debug dll|Win32
		{F3A713A7-CCD9-44C2-9793-2AAEDC52146F}.Debug dll|Win32.Build.0 = Debug dll|Win32
		{F3A713A7-CCD9-44C2-9793-2AAEDC52146F}.Debug dll|x64.ActiveCfg = Debug dll|x64
		{F3A713A7-CCD9-44C2-9793-2AAEDC52146F}.Debug dll|x64.Build.0 = Debug dll|x64
		{F3A713A7-CCD9-44C2-9793-2AAEDC52146F}.Debug dll|x86.ActiveCfg = Debug dll|Win32
		{F3A713A7-CCD9-44C2-9793-2AAEDC52146F}.Debug dll|x86.Build.0 = Debug dll|Win32
		{F3A713A7-CCD9-44C2-9793-2AAEDC52146F}.Debug|Win32.ActiveCfg = Debug|Win32
		{F3A713A7-CCD9-44C2-9793-2AAEDC52146F}.Debug|Win32.Build.0 = Debug|Win32
		{F3A713A7-CCD9-44C2-9793-2AAEDC52146F}.Debug|x64.ActiveCfg = Debug|x64
		{F3A713A7-CCD9-44C2-9793-2AAEDC52146F}.Debug|x64.Build.0 = Debug|x64
		{F3A713A7-CCD9-44C2-9793-2AAEDC52146F}.Debug|x86.ActiveCfg = Debug|Win32
		{F3A713A7-CCD9-44C2-9793-2AAEDC52146F}.Debug|x86.Build.0 = Debug|Win32
		{F3A713A7-CCD9-44C2-9793-2AAEDC52146F}.Release dll|Win32.ActiveCfg = Release dll|Win32
		{F3A713A7-CCD9-44C2-9793-2AAEDC52146F}.Release dll|Win32.Build.0 = Release dll|Win32
		{F3A713A7-CCD9-44C2-9793-2AAEDC52146F}.Release dll|x64.ActiveCfg = Release dll|x64
		{F3A713A7-CCD9-44C2-9793-2AAEDC52146F}.Release dll|x64.Build.0 = Release dll|x64
		{F3A713A7-CCD9-44C2-9793-2AAEDC52146F}.Release dll|x86.ActiveCfg = Release dll|Win32
		{F3A713A7-CCD9-44C2-9793-2AAEDC52146F}.Release dll|x86.Build.0 = Release dll|Win32
		{F3A713A7-CCD9-44C2-9793-2AAEDC52146F}.Release|Win32.ActiveCfg = Release|Win32
		{F3A713A7-CCD9-44C2-9793-2AAEDC52146F}.Release|Win32.Build.0 = Release|Win32
		{F3A713A7-CCD9-44C2-9793-2AAEDC52146F}.Release|x64.ActiveCfg = Release|x64
		{F3A713A7-CCD9-44C2-9793-2AAEDC52146F}.Release|x64.Build.0 = Release|x64
		{F3A713A7-CCD9-44C2-9793-2AAEDC52146F}.Release|x86.ActiveCfg = Release|Win32
		{F3A713A7-CCD9-44C2-9793-2AAEDC52146F}.Release|x86.Build.0 = Release|Win32
		{7B907C7F-718A-4C8E-BE71-1546E055E491}.Debug dll|Win32.ActiveCfg = Debug dll|Win32
		{7B907C7F-718A-4C8E-BE71-1546E055E491}.Debug dll|Win32.Build.0 = Debug dll|Win32
		{7B907C7F-718A-4C8E-BE71-1546E055E491}.Debug dll|x64.ActiveCfg = Debug dll|x64
		{7B907C7F-718A-4C8E-BE71-1546E055E491}.Debug dll|x64.Build.0 = Debug dll|x64
		{7B907C7F-718A-4C8E-BE71-1546E055E491}.Debug dll|x86.ActiveCfg = Debug dll|Win32
		{7B907C7F-718A-4C8E-BE71-1546E055E491}.Debug dll|x86.Build.0 = Debug dll|Win32
		{7B907C7F-718A-4C8E-BE71-1546E055E491}.Debug|Win32.ActiveCfg = Debug|Win32
		{7B907C7F-718A-4C8E-BE71-1546E055E491}.Debug|Win32.Build.0 = Debug|Win32
		{7B907C7F-718A-4C8E-BE71-1546E055E491}.Debug|x64.ActiveCfg = Debug|x64
		{7B907C7F-718A-4C8E-BE71-1546E055E491}.Debug|x64.Build.0 = Debug|x64
		{7B907C7F-718A-4C8E-BE71-1546E055E491}.Debug|x86.ActiveCfg = Debug|Win32
		{7B907C7F-718A-4C8E-BE71-1546E055E491}.Debug|x86.Build.0 = Debug|Win32
		{7B907C7F-718A-4C8E-BE71-1546E055E491}.Release dll|Win32.ActiveCfg = Release dll|Win32
		{7B907C7F-718A-4C8E-BE71-1546E055E491}.Release dll|Win32.Build.0 = Release dll|Win32
		{7B907C7F-718A-4C8E-BE71-1546E055E491}.Release dll|x64.ActiveCfg = Release dll|x64
		{7B907C7F-718A-4C8E-BE71-1546E055E491}.Release dll|x64.Build.0 = Release dll|x64
		{7B907C7F-718A-4C8E-BE71-1546E055E491}.Release dll|x86.ActiveCfg = Release dll|Win32
		{7B907C7F-718A-4C8E-BE71-1546E055E491}.Release dll|x86.Build.0 = Release dll|Win32
		{7B907C7F-718A-4C8E-BE71-1546E055E491}.Release|Win32.ActiveCfg = Release|Win32
		{7B907C7F-718A-4C8E-BE71-1546E055E491}.Release|Win32.Build.0 = Release|Win32
		{7B907C7F-718A-4C8E-BE71-1546E055E491}.Release|x64.ActiveCfg = Release|x64
		{7B907C7F-718A-4C8E-BE71-1546E055E491}.Release|x64.Build.0 = Release|x64
		{7B907C7F-718A-4C8E-BE71-1546E055E491}.Release|x86.ActiveCfg = Release|Win32
		{7B907C7F-718A-4C8E-BE71-1546E055E491}.Release|x86.Build.0 = Release|Win32
		{80E12246-86D6-4AC8-8264-03799BACEF87}.Debug dll|Win32.ActiveCfg = Debug dll|Win32
		{80E12246-86D6-4AC8-8264-03799BACEF87}.Debug dll|Win32.Build.0 = Debug dll|Win32
		{80E12246-86D6-4AC8-8264-03799BACEF87}.Debug dll|x64.ActiveCfg = Debug dll|x64
		{80E12246-86D6-4AC8-8264-03799BACEF87}.Debug dll|x64.Build.0 = Debug dll|x64
		{80E12246-86D6-4AC8-8264-03799BACEF87}.Debug dll|x86.ActiveCfg = Debug dll|x64
		{80E12246-86D6-4AC8-8264-03799BACEF87}.Debug|Win32.ActiveCfg = Debug|Win32
		{80E12246-86D6-4AC8-8264-03799BACEF87}.Debug|Win32.Build.0 = Debug|Win32
		{80E12246-86D6-4AC8-8264-03799BACEF87}.Debug|x64.ActiveCfg = Debug|x64
		{80E12246-86D6-4AC8-8264-03799BACEF87}.Debug|x64.Build.0 = Debug|x64
		{80E12246-86D6-4AC8-8264-03799BACEF87}.Debug|x86.ActiveCfg = Debug|Win32
		{80E12246-86D6-4AC8-8264-03799BACEF87}.Debug|x86.Build.0 = Debug|Win32
		{80E12246-86D6-4AC8-8264-03799BACEF87}.Release dll|Win32.ActiveCfg = Release dll|Win32
		{80E12246-86D6-4AC8-8264-03799BACEF87}.Release dll|Win32.Build.0 = Release dll|Win32
		{80E12246-86D6-4AC8-8264-03799BACEF87}.Release dll|x64.ActiveCfg = Release dll|x64
		{80E12246-86D6-4AC8-8264-03799BACEF87}.Release dll|x64.Build.0 = Release dll|x64
		{80E12246-86D6-4AC8-8264-03799BACEF87}.Release dll|x86.ActiveCfg = Release dll|Win32
		{80E12246-86D6-4AC8-8264-03799BACEF87}.Release dll|x86.Build.0 = Release dll|Win32
		{80E12246-86D6-4AC8-8264-03799BACEF87}.Release|Win32.ActiveCfg = Release|Win32
		{80E12246-86D6-4AC8-8264-03799BACEF87}.Release|Win32.Build.0 = Release|Win32
		{80E12246-86D6-4AC8-8264-03799BACEF87}.Release|x64.ActiveCfg = Release|x64
		{80E12246-86D6-4AC8-8264-03799BACEF87}.Release|x64.Build.0 = Release|x64
		{80E12246-86D6-4AC8-8264-03799BACEF87}.Release|x86.ActiveCfg = Release|x64
		{EAC35064-344F-4A2A-8F50-49A260FFD2AF}.Debug dll|Win32.ActiveCfg = Debug|Win32
		{EAC35064-344F-4A2A-8F50-49A260FFD2AF}.Debug dll|Win32.Build.0 = Debug|Win32
		{EAC35064-344F-4A2A-8F50-49A260FFD2AF}.Debug dll|x64.ActiveCfg = Debug|x64
		{EAC35064-344F-4A2A-8F50-49A260FFD2AF}.Debug dll|x64.Build.0 = Debug|x64
		{EAC35064-344F-4A2A-8F50-49A260FFD2AF}.Debug dll|x86.ActiveCfg = Debug|Win32
		{EAC35064-344F-4A2A-8F50-49A260FFD2AF}.Debug dll|x86.Build.0 = Debug|Win32
		{EAC35064-344F-4A2A-8F50-49A260FFD2AF}.Debug|Win32.ActiveCfg = Debug|Win32
		{EAC35064-344F-4A2A-8F50-49A260FFD2AF}.Debug|Win32.Build.0 = Debug|Win32
		{EAC35064-344F-4A2A-8F50-49A260FFD2AF}.Debug|x64.ActiveCfg = Debug|x64
		{EAC35064-344F-4A2A-8F50-49A260FFD2AF}.Debug|x64.Build.0 = Debug|x64
		{EAC35064-344F-4A2A-8F50-49A260FFD2AF}.Debug|x86.ActiveCfg = Debug|Win32
		{EAC35064-344F-4A2A-8F50-49A260FFD2AF}.Debug|x86.Build.0 = Debug|Win32
		{EAC35064-344F-4A2A-8F50-49A260FFD2AF}.Release dll|Win32.ActiveCfg = Release|Win32
		{EAC35064-344F-4A2A-8F50-49A260FFD2AF}.Release dll|Win32.Build.0 = Release|Win32
		{EAC35064-344F-4A2A-8F50-49A260FFD2AF}.Release dll|x64.ActiveCfg = Release|x64
		{EAC35064-344F-4A2A-8F50-49A260FFD2AF}.Release dll|x64.Build.0 = Release|x64
		{EAC35064-344F-4A2A-8F50-49A260FFD2AF}.Release dll|x86.ActiveCfg = Release|Win32
		{EAC35064-344F-4A2A-8F50-49A260FFD2AF}.Release dll|x86.Build.0 = Release|Win32
		{EAC35064-344F-4A2A-8F50-49A260FFD2AF}.Release|Win32.ActiveCfg = Release|Win32
		{EAC35064-344F-4A2A-8F50-49A260FFD2AF}.Release|Win32.Build.0 = Release|Win32
		{EAC35064-344F-4A2A-8F50-49A260FFD2AF}.Release|x64.ActiveCfg = Release|x64
		{EAC35064-344F-4A2A-8F50-49A260FFD2AF}.Release|x64.Build.0 = Release|x64
		{EAC35064-344F-4A2A-8F50-49A260FFD2AF}.Release|x86.ActiveCfg = Release|Win32
		{EAC35064-344F-4A2A-8F50-49A260FFD2AF}.Release|x86.Build.0 = Release|Win32
		{00230A35-7778-425D-AD4C-1225D1F5E519}.Debug dll|Win32.ActiveCfg = Debug dll|Win32
		{00230A35-7778-425D-AD4C-1225D1F5E519}.Debug dll|Win32.Build.0 = Debug dll|Win32
		{00230A35-7778-425D-AD4C-1225D1F5E519}.Debug dll|x64.ActiveCfg = Debug dll|x64
		{00230A35-7778-425D-AD4C-1225D1F5E519}.Debug dll|x64.Build.0 = Debug dll|x64
		{00230A35-7778-425D-AD4C-1225D1F5E519}.Debug dll|x86.ActiveCfg = Debug dll|x64
		{00230A35-7778-425D-AD4C-1225D1F5E519}.Debug|Win32.ActiveCfg = Debug|Win32
		{00230A35-7778-425D-AD4C-1225D1F5E519}.Debug|Win32.Build.0 = Debug|Win32
		{00230A35-7778-425D-AD4C-1225D1F5E519}.Debug|x64.ActiveCfg = Debug|x64
		{00230A35-7778-425D-AD4C-1225D1F5E519}.Debug|x64.Build.0 = Debug|x64
		{00230A35-7778-425D-AD4C-1225D1F5E519}.Debug|x86.ActiveCfg = Debug|Win32
		{00230A35-7778-425D-AD4C-1225D1F5E519}.Debug|x86.Build.0 = Debug|Win32
		{00230A35-7778-425D-AD4C-1225D1F5E519}.Release dll|Win32.ActiveCfg = Release dll|Win32
		{00230A35-7778-425D-AD4C-1225D1F5E519}.Release dll|Win32.Build.0 = Release dll|Win32
		{00230A35-7778-425D-AD4C-1225D1F5E519}.Release dll|x64.ActiveCfg = Release dll|x64
		{00230A35-7778-425D-AD4C-1225D1F5E519}.Release dll|x64.Build.0 = Release dll|x64
		{00230A35-7778-425D-AD4C-1225D1F5E519}.Release dll|x86.ActiveCfg = Release dll|x64
		{00230A35-7778-425D-AD4C-1225D1F5E519}.Release|Win32.ActiveCfg = Release|Win32
		{00230A35-7778-425D-AD4C-1225D1F5E519}.Release|Win32.Build.0 = Release|Win32
		{00230A35-7778-425D-AD4C-1225D1F5E519}.Release|x64.ActiveCfg = Release|x64
		{00230A35-7778-425D-AD4C-1225D1F5E519}.Release|x64.Build.0 = Release|x64
		{00230A35-7778-425D-AD4C-1225D1F5E519}.Release|x86.ActiveCfg = Release|x64
		{32DF7D8D-B6F7-4444-B399-7FE35FF309D0}.Debug dll|Win32.ActiveCfg = Debug dll|Win32
		{32DF7D8D-B6F7-4444-B399-7FE35FF309D0}.Debug dll|Win32.Build.0 = Debug dll|Win32
		{32DF7D8D-B6F7-4444-B399-7FE35FF309D0}.Debug dll|x64.ActiveCfg = Debug dll|x64
		{32DF7D8D-B6F7-4444-B399-7FE35FF309D0}.Debug dll|x64.Build.0 = Debug dll|x64
		{32DF7D8D-B6F7-4444-B399-7FE35FF309D0}.Debug dll|x86.ActiveCfg = Debug dll|x64
		{32DF7D8D-B6F7-4444-B399-7FE35FF309D0}.Debug|Win32.ActiveCfg = Debug|Win32
		{32DF7D8D-B6F7-4444-B399-7FE35FF309D0}.Debug|Win32.Build.0 = Debug|Win32
		{32DF7D8D-B6F7-4444-B399-7FE35FF309D0}.Debug|x64.ActiveCfg = Debug|x64
		{32DF7D8D-B6F7-4444-B399-7FE35FF309D0}.Debug|x64.Build.0 = Debug|x64
		{32DF7D8D-B6F7-4444-B399-7FE35FF309D0}.Debug|x86.ActiveCfg = Debug|Win32
		{32DF7D8D-B6F7-4444-B399-7FE35FF309D0}.Debug|x86.Build.0 = Debug|Win32
		{32DF7D8D-B6F7-4444-B399-7FE35FF309D0}.Release dll|Win32.ActiveCfg = Release dll|Win32
		{32DF7D8D-B6F7-4444-B399-7FE35FF309D0}.Release dll|Win32.Build.0 = Release dll|Win32
		{32DF7D8D-B6F7-4444-B399-7FE35FF309D0}.Release dll|x64.ActiveCfg = Release dll|x64
		{32DF7D8D-B6F7-4444-B399-7FE35FF309D0}.Release dll|x64.Build.0 = Release dll|x64
		{32DF7D8D-B6F7-4444-B399-7FE35FF309D0}.Release dll|x86.ActiveCfg = Release dll|x64
		{32DF7D8D-B6F7-4444-B399-7FE35FF309D0}.Release|Win32.ActiveCfg = Release|Win32
		{32DF7D8D-B6F7-4444-B399-7FE35FF309D0}.Release|Win32.Build.0 = Release|Win32
		{32DF7D8D-B6F7-4444-B399-7FE35FF309D0}.Release|x64.ActiveCfg = Release|x64
		{32DF7D8D-B6F7-4444-B399-7FE35FF309D0}.Release|x64.Build.0 = Release|x64
		{32DF7D8D-B6F7-4444-B399-7FE35FF309D0}.Release|x86.ActiveCfg = Release|x64
		{A7E51FC6-0DAD-4789-AA4A-3A9E91F59A05}.Debug dll|Win32.ActiveCfg = Debug dll|Win32
		{A7E51FC6-0DAD-4789-AA4A-3A9E91F59A05}.Debug dll|Win32.Build.0 = Debug dll|Win32
		{A7E51FC6-0DAD-4789-AA4A-3A9E91F59A05}.Debug dll|x64.ActiveCfg = Debug dll|x64
		{A7E51FC6-0DAD-4789-AA4A-3A9E91F59A05}.Debug dll|x64.Build.0 = Debug dll|x64
		{A7E51FC6-0DAD-4789-AA4A-3A9E91F59A05}.Debug dll|x86.ActiveCfg = Debug dll|x64
		{A7E51FC6-0DAD-4789-AA4A-3A9E91F59A05}.Debug|Win32.ActiveCfg = Debug|Win32
		{A7E51FC6-0DAD-4789-AA4A-3A9E91F59A05}.Debug|Win32.Build.0 = Debug|Win32
		{A7E51FC6-0DAD-4789-AA4A-3A9E91F59A05}.Debug|x64.ActiveCfg = Debug|x64
		{A7E51FC6-0DAD-4789-AA4A-3A9E91F59A05}.Debug|x64.Build.0 = Debug|x64
		{A7E51FC6-0DAD-4789-AA4A-3A9E91F59A05}.Debug|x86.ActiveCfg = Debug|Win32
		{A7E51FC6-0DAD-4789-AA4A-3A9E91F59A05}.Debug|x86.Build.0 = Debug|Win32
		{A7E51FC6-0DAD-4789-AA4A-3A9E91F59A05}.Release dll|Win32.ActiveCfg = Release dll|Win32
		{A7E51FC6-0DAD-4789-AA4A-3A9E91F59A05}.Release dll|Win32.Build.0 = Release dll|Win32
		{A7E51FC6-0DAD-4789-AA4A-3A9E91F59A05}.Release dll|x64.ActiveCfg = Release dll|x64
		{A7E51FC6-0DAD-4789-AA4A-3A9E91F59A05}.Release dll|x64.Build.0 = Release dll|x64
		{A7E51FC6-0DAD-4789-AA4A-3A9E91F59A05}.Release dll|x86.ActiveCfg = Release dll|x64
		{A7E51FC6-0DAD-4789-AA4A-3A9E91F59A05}.Release|Win32.ActiveCfg = Release|Win32
		{A7E51FC6-0DAD-4789-AA4A-3A9E91F59A05}.Release|Win32.Build.0 = Release|Win32
		{A7E51FC6-0DAD-4789-AA4A-3A9E91F59A05}.Release|x64.ActiveCfg = Release|x64
		{A7E51FC6-0DAD-4789-AA4A-3A9E91F59A05}.Release|x64.Build.0 = Release|x64
		{A7E51FC6-0DAD-4789-AA4A-3A9E91F59A05}.Release|x86.ActiveCfg = Release|x64
	EndGlobalSection
	GlobalSection(SolutionProperties) = preSolution
		HideSolutionNode = FALSE
	EndGlobalSection
EndGlobal
