Microsoft Visual Studio Solution File, Format Version 12.00
# Visual Studio 2012
Project("{8BC9CEB8-8B4A-11D0-8D11-00A0C91BC942}") = "scripts", "scripts\scripts.vcxproj", "{9B549C98-0BF4-4092-AE2A-AD7F780F8405}"
EndProject
Project("{8BC9CEB8-8B4A-11D0-8D11-00A0C91BC942}") = "MemoryManager", "MemoryManager\MemoryManager.vcxproj", "{2FEF1C76-9E4A-4921-B2D3-E536DA918810}"
EndProject
Project("{8BC9CEB8-8B4A-11D0-8D11-00A0C91BC942}") = "tdbedit", "tdbedit\tdbedit.vcxproj", "{48973C5B-037B-4849-A94D-BC5510943202}"
EndProject
Project("{8BC9CEB8-8B4A-11D0-8D11-00A0C91BC942}") = "bansystem", "bansystem\bansystem.vcxproj", "{11859B90-4981-4072-9DD9-1D12B521D97B}"
EndProject
Project("{8BC9CEB8-8B4A-11D0-8D11-00A0C91BC942}") = "crates", "crates\crates.vcxproj", "{F8128F12-0624-482E-A2EB-C2E25C2D6C08}"
EndProject
Project("{8BC9CEB8-8B4A-11D0-8D11-00A0C91BC942}") = "ctf", "CTF\ctf.vcxproj", "{E28F3E0C-3D23-4F6A-AF17-4774FC3647A1}"
EndProject
Project("{8BC9CEB8-8B4A-11D0-8D11-00A0C91BC942}") = "teamspeak", "teamspeak\teamspeak.vcxproj", "{E6CEC43F-E6A2-430E-BE2C-9347A54D82F8}"
EndProject
Project("{8BC9CEB8-8B4A-11D0-8D11-00A0C91BC942}") = "Mute", "Mute\Mute.vcxproj", "{9B74B182-0AE3-411B-A246-5E751C3367D3}"
EndProject
Project("{8BC9CEB8-8B4A-11D0-8D11-00A0C91BC942}") = "Swap", "swap\Swap.vcxproj", "{228C4EEE-ACA6-4693-AADE-6591F454F2A2}"
EndProject
Project("{8BC9CEB8-8B4A-11D0-8D11-00A0C91BC942}") = "example-plugin", "example-plugin\example-plugin.vcxproj", "{F92D70BB-3091-41A9-801C-884E239C1263}"
EndProject
Project("{8BC9CEB8-8B4A-11D0-8D11-00A0C91BC942}") = "RandomStartingCredits", "randomstartingcredits\RandomStartingCredits.vcxproj", "{E2A67673-A268-4107-97DF-890422DFD757}"
EndProject
Project("{8BC9CEB8-8B4A-11D0-8D11-00A0C91BC942}") = "FirstBlood", "FirstBlood\FirstBlood.vcxproj", "{5F775E96-1754-44D3-A2D5-BBA3F69E3FC2}"
EndProject
Project("{8BC9CEB8-8B4A-11D0-8D11-00A0C91BC942}") = "PointsDistribution", "PointsDistribution\PointsDistribution.vcxproj", "{8F792081-2821-4A4D-953F-91D7AF2AD9F1}"
EndProject
Project("{8BC9CEB8-8B4A-11D0-8D11-00A0C91BC942}") = "ExtraConsoleCommands", "ExtraConsoleCommands\ExtraConsoleCommands.vcxproj", "{143BA79F-4E03-48E8-BDF0-04D57512CA31}"
EndProject
Project("{8BC9CEB8-8B4A-11D0-8D11-00A0C91BC942}") = "NoPoints", "NoPoints\NoPoints.vcxproj", "{5ACA746D-6B2A-43CB-A0AC-62D10BCE636D}"
EndProject
Project("{8BC9CEB8-8B4A-11D0-8D11-00A0C91BC942}") = "AntiSpawnKill", "AntiSpawnKill\AntiSpawnKill.vcxproj", "{6ED2EB37-6B84-4037-839D-B258279F3560}"
EndProject
Project("{8BC9CEB8-8B4A-11D0-8D11-00A0C91BC942}") = "CharacterRefund", "CharacterRefund\CharacterRefund.vcxproj", "{835E567B-C0E5-4D29-9AA4-BF851B924100}"
EndProject
Project("{8BC9CEB8-8B4A-11D0-8D11-00A0C91BC942}") = "SuddenDeath", "SuddenDeath\SuddenDeath.vcxproj", "{6BA46F59-EAAB-4E4C-90AD-725469504AA5}"
EndProject
Project("{8BC9CEB8-8B4A-11D0-8D11-00A0C91BC942}") = "shared", "shared\shared.vcxproj", "{6636E311-E860-4F52-9D23-FE38E38D6020}"
EndProject
Project("{FAE04EC0-301F-11D3-BF4B-00C04F79EFBC}") = "makemix", "makemix\makemix.csproj", "{A1A65D9A-2D92-48FE-86F4-CD5D6ECA5E91}"
EndProject
Global
	GlobalSection(SolutionConfigurationPlatforms) = preSolution
		Debug SSGM|Win32 = Debug SSGM|Win32
		Debug|Win32 = Debug|Win32
		Release SSGM|Win32 = Release SSGM|Win32
		Release|Win32 = Release|Win32
	EndGlobalSection
	GlobalSection(ProjectConfigurationPlatforms) = postSolution
		{9B549C98-0BF4-4092-AE2A-AD7F780F8405}.Debug SSGM|Win32.ActiveCfg = Debug SSGM|Win32
		{9B549C98-0BF4-4092-AE2A-AD7F780F8405}.Debug SSGM|Win32.Build.0 = Debug SSGM|Win32
		{9B549C98-0BF4-4092-AE2A-AD7F780F8405}.Debug|Win32.ActiveCfg = Debug|Win32
		{9B549C98-0BF4-4092-AE2A-AD7F780F8405}.Debug|Win32.Build.0 = Debug|Win32
		{9B549C98-0BF4-4092-AE2A-AD7F780F8405}.Release SSGM|Win32.ActiveCfg = Release SSGM|Win32
		{9B549C98-0BF4-4092-AE2A-AD7F780F8405}.Release SSGM|Win32.Build.0 = Release SSGM|Win32
		{9B549C98-0BF4-4092-AE2A-AD7F780F8405}.Release|Win32.ActiveCfg = Release|Win32
		{9B549C98-0BF4-4092-AE2A-AD7F780F8405}.Release|Win32.Build.0 = Release|Win32
		{2FEF1C76-9E4A-4921-B2D3-E536DA918810}.Debug SSGM|Win32.ActiveCfg = Debug|Win32
		{2FEF1C76-9E4A-4921-B2D3-E536DA918810}.Debug SSGM|Win32.Build.0 = Debug|Win32
		{2FEF1C76-9E4A-4921-B2D3-E536DA918810}.Debug|Win32.ActiveCfg = Debug|Win32
		{2FEF1C76-9E4A-4921-B2D3-E536DA918810}.Debug|Win32.Build.0 = Debug|Win32
		{2FEF1C76-9E4A-4921-B2D3-E536DA918810}.Release SSGM|Win32.ActiveCfg = Release|Win32
		{2FEF1C76-9E4A-4921-B2D3-E536DA918810}.Release SSGM|Win32.Build.0 = Release|Win32
		{2FEF1C76-9E4A-4921-B2D3-E536DA918810}.Release|Win32.ActiveCfg = Release|Win32
		{2FEF1C76-9E4A-4921-B2D3-E536DA918810}.Release|Win32.Build.0 = Release|Win32
		{48973C5B-037B-4849-A94D-BC5510943202}.Debug SSGM|Win32.ActiveCfg = Debug|Win32
		{48973C5B-037B-4849-A94D-BC5510943202}.Debug SSGM|Win32.Build.0 = Debug|Win32
		{48973C5B-037B-4849-A94D-BC5510943202}.Debug|Win32.ActiveCfg = Debug|Win32
		{48973C5B-037B-4849-A94D-BC5510943202}.Debug|Win32.Build.0 = Debug|Win32
		{48973C5B-037B-4849-A94D-BC5510943202}.Release SSGM|Win32.ActiveCfg = Release|Win32
		{48973C5B-037B-4849-A94D-BC5510943202}.Release SSGM|Win32.Build.0 = Release|Win32
		{48973C5B-037B-4849-A94D-BC5510943202}.Release|Win32.ActiveCfg = Release|Win32
		{48973C5B-037B-4849-A94D-BC5510943202}.Release|Win32.Build.0 = Release|Win32
		{11859B90-4981-4072-9DD9-1D12B521D97B}.Debug SSGM|Win32.ActiveCfg = Debug SSGM|Win32
		{11859B90-4981-4072-9DD9-1D12B521D97B}.Debug SSGM|Win32.Build.0 = Debug SSGM|Win32
		{11859B90-4981-4072-9DD9-1D12B521D97B}.Debug|Win32.ActiveCfg = Debug SSGM|Win32
		{11859B90-4981-4072-9DD9-1D12B521D97B}.Release SSGM|Win32.ActiveCfg = Release SSGM|Win32
		{11859B90-4981-4072-9DD9-1D12B521D97B}.Release SSGM|Win32.Build.0 = Release SSGM|Win32
		{11859B90-4981-4072-9DD9-1D12B521D97B}.Release|Win32.ActiveCfg = Release SSGM|Win32
		{F8128F12-0624-482E-A2EB-C2E25C2D6C08}.Debug SSGM|Win32.ActiveCfg = Debug SSGM|Win32
		{F8128F12-0624-482E-A2EB-C2E25C2D6C08}.Debug SSGM|Win32.Build.0 = Debug SSGM|Win32
		{F8128F12-0624-482E-A2EB-C2E25C2D6C08}.Debug|Win32.ActiveCfg = Debug SSGM|Win32
		{F8128F12-0624-482E-A2EB-C2E25C2D6C08}.Release SSGM|Win32.ActiveCfg = Release SSGM|Win32
		{F8128F12-0624-482E-A2EB-C2E25C2D6C08}.Release SSGM|Win32.Build.0 = Release SSGM|Win32
		{F8128F12-0624-482E-A2EB-C2E25C2D6C08}.Release|Win32.ActiveCfg = Release SSGM|Win32
		{E28F3E0C-3D23-4F6A-AF17-4774FC3647A1}.Debug SSGM|Win32.ActiveCfg = Debug SSGM|Win32
		{E28F3E0C-3D23-4F6A-AF17-4774FC3647A1}.Debug SSGM|Win32.Build.0 = Debug SSGM|Win32
		{E28F3E0C-3D23-4F6A-AF17-4774FC3647A1}.Debug|Win32.ActiveCfg = Debug SSGM|Win32
		{E28F3E0C-3D23-4F6A-AF17-4774FC3647A1}.Release SSGM|Win32.ActiveCfg = Release SSGM|Win32
		{E28F3E0C-3D23-4F6A-AF17-4774FC3647A1}.Release SSGM|Win32.Build.0 = Release SSGM|Win32
		{E28F3E0C-3D23-4F6A-AF17-4774FC3647A1}.Release|Win32.ActiveCfg = Release SSGM|Win32
		{E6CEC43F-E6A2-430E-BE2C-9347A54D82F8}.Debug SSGM|Win32.ActiveCfg = Debug SSGM|Win32
		{E6CEC43F-E6A2-430E-BE2C-9347A54D82F8}.Debug SSGM|Win32.Build.0 = Debug SSGM|Win32
		{E6CEC43F-E6A2-430E-BE2C-9347A54D82F8}.Debug|Win32.ActiveCfg = Debug SSGM|Win32
		{E6CEC43F-E6A2-430E-BE2C-9347A54D82F8}.Release SSGM|Win32.ActiveCfg = Release SSGM|Win32
		{E6CEC43F-E6A2-430E-BE2C-9347A54D82F8}.Release SSGM|Win32.Build.0 = Release SSGM|Win32
		{E6CEC43F-E6A2-430E-BE2C-9347A54D82F8}.Release|Win32.ActiveCfg = Release SSGM|Win32
		{9B74B182-0AE3-411B-A246-5E751C3367D3}.Debug SSGM|Win32.ActiveCfg = Debug SSGM|Win32
		{9B74B182-0AE3-411B-A246-5E751C3367D3}.Debug SSGM|Win32.Build.0 = Debug SSGM|Win32
		{9B74B182-0AE3-411B-A246-5E751C3367D3}.Debug|Win32.ActiveCfg = Debug SSGM|Win32
		{9B74B182-0AE3-411B-A246-5E751C3367D3}.Release SSGM|Win32.ActiveCfg = Release SSGM|Win32
		{9B74B182-0AE3-411B-A246-5E751C3367D3}.Release SSGM|Win32.Build.0 = Release SSGM|Win32
		{9B74B182-0AE3-411B-A246-5E751C3367D3}.Release|Win32.ActiveCfg = Release SSGM|Win32
		{228C4EEE-ACA6-4693-AADE-6591F454F2A2}.Debug SSGM|Win32.ActiveCfg = Debug SSGM|Win32
		{228C4EEE-ACA6-4693-AADE-6591F454F2A2}.Debug SSGM|Win32.Build.0 = Debug SSGM|Win32
		{228C4EEE-ACA6-4693-AADE-6591F454F2A2}.Debug|Win32.ActiveCfg = Debug SSGM|Win32
		{228C4EEE-ACA6-4693-AADE-6591F454F2A2}.Release SSGM|Win32.ActiveCfg = Release SSGM|Win32
		{228C4EEE-ACA6-4693-AADE-6591F454F2A2}.Release SSGM|Win32.Build.0 = Release SSGM|Win32
		{228C4EEE-ACA6-4693-AADE-6591F454F2A2}.Release|Win32.ActiveCfg = Release SSGM|Win32
		{F92D70BB-3091-41A9-801C-884E239C1263}.Debug SSGM|Win32.ActiveCfg = Debug SSGM|Win32
		{F92D70BB-3091-41A9-801C-884E239C1263}.Debug SSGM|Win32.Build.0 = Debug SSGM|Win32
		{F92D70BB-3091-41A9-801C-884E239C1263}.Debug|Win32.ActiveCfg = Debug SSGM|Win32
		{F92D70BB-3091-41A9-801C-884E239C1263}.Release SSGM|Win32.ActiveCfg = Release SSGM|Win32
		{F92D70BB-3091-41A9-801C-884E239C1263}.Release SSGM|Win32.Build.0 = Release SSGM|Win32
		{F92D70BB-3091-41A9-801C-884E239C1263}.Release|Win32.ActiveCfg = Release SSGM|Win32
		{E2A67673-A268-4107-97DF-890422DFD757}.Debug SSGM|Win32.ActiveCfg = Debug SSGM|Win32
		{E2A67673-A268-4107-97DF-890422DFD757}.Debug SSGM|Win32.Build.0 = Debug SSGM|Win32
		{E2A67673-A268-4107-97DF-890422DFD757}.Debug|Win32.ActiveCfg = Debug SSGM|Win32
		{E2A67673-A268-4107-97DF-890422DFD757}.Release SSGM|Win32.ActiveCfg = Release SSGM|Win32
		{E2A67673-A268-4107-97DF-890422DFD757}.Release SSGM|Win32.Build.0 = Release SSGM|Win32
		{E2A67673-A268-4107-97DF-890422DFD757}.Release|Win32.ActiveCfg = Release SSGM|Win32
		{5F775E96-1754-44D3-A2D5-BBA3F69E3FC2}.Debug SSGM|Win32.ActiveCfg = Debug SSGM|Win32
		{5F775E96-1754-44D3-A2D5-BBA3F69E3FC2}.Debug SSGM|Win32.Build.0 = Debug SSGM|Win32
		{5F775E96-1754-44D3-A2D5-BBA3F69E3FC2}.Debug|Win32.ActiveCfg = Debug SSGM|Win32
		{5F775E96-1754-44D3-A2D5-BBA3F69E3FC2}.Release SSGM|Win32.ActiveCfg = Release SSGM|Win32
		{5F775E96-1754-44D3-A2D5-BBA3F69E3FC2}.Release SSGM|Win32.Build.0 = Release SSGM|Win32
		{5F775E96-1754-44D3-A2D5-BBA3F69E3FC2}.Release|Win32.ActiveCfg = Release SSGM|Win32
		{8F792081-2821-4A4D-953F-91D7AF2AD9F1}.Debug SSGM|Win32.ActiveCfg = Debug SSGM|Win32
		{8F792081-2821-4A4D-953F-91D7AF2AD9F1}.Debug SSGM|Win32.Build.0 = Debug SSGM|Win32
		{8F792081-2821-4A4D-953F-91D7AF2AD9F1}.Debug|Win32.ActiveCfg = Debug SSGM|Win32
		{8F792081-2821-4A4D-953F-91D7AF2AD9F1}.Release SSGM|Win32.ActiveCfg = Release SSGM|Win32
		{8F792081-2821-4A4D-953F-91D7AF2AD9F1}.Release SSGM|Win32.Build.0 = Release SSGM|Win32
		{8F792081-2821-4A4D-953F-91D7AF2AD9F1}.Release|Win32.ActiveCfg = Release SSGM|Win32
		{143BA79F-4E03-48E8-BDF0-04D57512CA31}.Debug SSGM|Win32.ActiveCfg = Debug SSGM|Win32
		{143BA79F-4E03-48E8-BDF0-04D57512CA31}.Debug SSGM|Win32.Build.0 = Debug SSGM|Win32
		{143BA79F-4E03-48E8-BDF0-04D57512CA31}.Debug|Win32.ActiveCfg = Debug SSGM|Win32
		{143BA79F-4E03-48E8-BDF0-04D57512CA31}.Release SSGM|Win32.ActiveCfg = Release SSGM|Win32
		{143BA79F-4E03-48E8-BDF0-04D57512CA31}.Release SSGM|Win32.Build.0 = Release SSGM|Win32
		{143BA79F-4E03-48E8-BDF0-04D57512CA31}.Release|Win32.ActiveCfg = Release SSGM|Win32
		{5ACA746D-6B2A-43CB-A0AC-62D10BCE636D}.Debug SSGM|Win32.ActiveCfg = Debug SSGM|Win32
		{5ACA746D-6B2A-43CB-A0AC-62D10BCE636D}.Debug SSGM|Win32.Build.0 = Debug SSGM|Win32
		{5ACA746D-6B2A-43CB-A0AC-62D10BCE636D}.Debug|Win32.ActiveCfg = Debug SSGM|Win32
		{5ACA746D-6B2A-43CB-A0AC-62D10BCE636D}.Release SSGM|Win32.ActiveCfg = Release SSGM|Win32
		{5ACA746D-6B2A-43CB-A0AC-62D10BCE636D}.Release SSGM|Win32.Build.0 = Release SSGM|Win32
		{5ACA746D-6B2A-43CB-A0AC-62D10BCE636D}.Release|Win32.ActiveCfg = Release SSGM|Win32
		{6ED2EB37-6B84-4037-839D-B258279F3560}.Debug SSGM|Win32.ActiveCfg = Debug SSGM|Win32
		{6ED2EB37-6B84-4037-839D-B258279F3560}.Debug SSGM|Win32.Build.0 = Debug SSGM|Win32
		{6ED2EB37-6B84-4037-839D-B258279F3560}.Debug|Win32.ActiveCfg = Debug SSGM|Win32
		{6ED2EB37-6B84-4037-839D-B258279F3560}.Release SSGM|Win32.ActiveCfg = Release SSGM|Win32
		{6ED2EB37-6B84-4037-839D-B258279F3560}.Release SSGM|Win32.Build.0 = Release SSGM|Win32
		{6ED2EB37-6B84-4037-839D-B258279F3560}.Release|Win32.ActiveCfg = Release SSGM|Win32
		{835E567B-C0E5-4D29-9AA4-BF851B924100}.Debug SSGM|Win32.ActiveCfg = Debug SSGM|Win32
		{835E567B-C0E5-4D29-9AA4-BF851B924100}.Debug SSGM|Win32.Build.0 = Debug SSGM|Win32
		{835E567B-C0E5-4D29-9AA4-BF851B924100}.Debug|Win32.ActiveCfg = Debug SSGM|Win32
		{835E567B-C0E5-4D29-9AA4-BF851B924100}.Release SSGM|Win32.ActiveCfg = Release SSGM|Win32
		{835E567B-C0E5-4D29-9AA4-BF851B924100}.Release SSGM|Win32.Build.0 = Release SSGM|Win32
		{835E567B-C0E5-4D29-9AA4-BF851B924100}.Release|Win32.ActiveCfg = Release SSGM|Win32
		{6BA46F59-EAAB-4E4C-90AD-725469504AA5}.Debug SSGM|Win32.ActiveCfg = Debug SSGM|Win32
		{6BA46F59-EAAB-4E4C-90AD-725469504AA5}.Debug SSGM|Win32.Build.0 = Debug SSGM|Win32
		{6BA46F59-EAAB-4E4C-90AD-725469504AA5}.Debug|Win32.ActiveCfg = Debug SSGM|Win32
		{6BA46F59-EAAB-4E4C-90AD-725469504AA5}.Release SSGM|Win32.ActiveCfg = Release SSGM|Win32
		{6BA46F59-EAAB-4E4C-90AD-725469504AA5}.Release SSGM|Win32.Build.0 = Release SSGM|Win32
		{6BA46F59-EAAB-4E4C-90AD-725469504AA5}.Release|Win32.ActiveCfg = Release SSGM|Win32
		{6636E311-E860-4F52-9D23-FE38E38D6020}.Debug SSGM|Win32.ActiveCfg = Debug|Win32
		{6636E311-E860-4F52-9D23-FE38E38D6020}.Debug SSGM|Win32.Build.0 = Debug|Win32
		{6636E311-E860-4F52-9D23-FE38E38D6020}.Debug|Win32.ActiveCfg = Debug|Win32
		{6636E311-E860-4F52-9D23-FE38E38D6020}.Debug|Win32.Build.0 = Debug|Win32
		{6636E311-E860-4F52-9D23-FE38E38D6020}.Release SSGM|Win32.ActiveCfg = Release|Win32
		{6636E311-E860-4F52-9D23-FE38E38D6020}.Release SSGM|Win32.Build.0 = Release|Win32
		{6636E311-E860-4F52-9D23-FE38E38D6020}.Release|Win32.ActiveCfg = Release|Win32
		{6636E311-E860-4F52-9D23-FE38E38D6020}.Release|Win32.Build.0 = Release|Win32
		{A1A65D9A-2D92-48FE-86F4-CD5D6ECA5E91}.Debug SSGM|Win32.ActiveCfg = Debug|Any CPU
		{A1A65D9A-2D92-48FE-86F4-CD5D6ECA5E91}.Debug SSGM|Win32.Build.0 = Debug|Any CPU
		{A1A65D9A-2D92-48FE-86F4-CD5D6ECA5E91}.Debug|Win32.ActiveCfg = Debug|Any CPU
		{A1A65D9A-2D92-48FE-86F4-CD5D6ECA5E91}.Debug|Win32.Build.0 = Debug|Any CPU
		{A1A65D9A-2D92-48FE-86F4-CD5D6ECA5E91}.Release SSGM|Win32.ActiveCfg = Release|Any CPU
		{A1A65D9A-2D92-48FE-86F4-CD5D6ECA5E91}.Release SSGM|Win32.Build.0 = Release|Any CPU
		{A1A65D9A-2D92-48FE-86F4-CD5D6ECA5E91}.Release|Win32.ActiveCfg = Release|Any CPU
		{A1A65D9A-2D92-48FE-86F4-CD5D6ECA5E91}.Release|Win32.Build.0 = Release|Any CPU
	EndGlobalSection
	GlobalSection(SolutionProperties) = preSolution
		HideSolutionNode = FALSE
	EndGlobalSection
EndGlobal
