Microsoft Visual Studio Solution File, Format Version 10.00
# Visual Studio 2008
Project("{8BC9CEB8-8B4A-11D0-8D11-00A0C91BC942}") = "tt", "tt.vcproj", "{34D9DA17-32EC-4B72-9CA2-39160513241D}"
	ProjectSection(ProjectDependencies) = postProject
		{E03CF210-508A-41E5-9B29-5EA732746623} = {E03CF210-508A-41E5-9B29-5EA732746623}
		{2FEF1C76-9E4A-4921-B2D3-E536DA918810} = {2FEF1C76-9E4A-4921-B2D3-E536DA918810}
	EndProjectSection
EndProject
Project("{8BC9CEB8-8B4A-11D0-8D11-00A0C91BC942}") = "shaders", "..\shaders\shaders.vcproj", "{E03CF210-508A-41E5-9B29-5EA732746623}"
	ProjectSection(ProjectDependencies) = postProject
		{2FEF1C76-9E4A-4921-B2D3-E536DA918810} = {2FEF1C76-9E4A-4921-B2D3-E536DA918810}
	EndProjectSection
EndProject
Project("{8BC9CEB8-8B4A-11D0-8D11-00A0C91BC942}") = "scripts", "..\scripts\scripts.vcproj", "{9B549C98-0BF4-4092-AE2A-AD7F780F8405}"
	ProjectSection(ProjectDependencies) = postProject
		{E03CF210-508A-41E5-9B29-5EA732746623} = {E03CF210-508A-41E5-9B29-5EA732746623}
		{2FEF1C76-9E4A-4921-B2D3-E536DA918810} = {2FEF1C76-9E4A-4921-B2D3-E536DA918810}
	EndProjectSection
EndProject
Project("{8BC9CEB8-8B4A-11D0-8D11-00A0C91BC942}") = "ttinit", "..\ttinit\ttinit.vcproj", "{02EB97D5-B1C5-411E-8274-83A95985DE6F}"
	ProjectSection(ProjectDependencies) = postProject
		{E03CF210-508A-41E5-9B29-5EA732746623} = {E03CF210-508A-41E5-9B29-5EA732746623}
		{2FEF1C76-9E4A-4921-B2D3-E536DA918810} = {2FEF1C76-9E4A-4921-B2D3-E536DA918810}
	EndProjectSection
EndProject
Project("{8BC9CEB8-8B4A-11D0-8D11-00A0C91BC942}") = "keycfg", "..\keycfg\keycfg.vcproj", "{79E192D4-4B5F-43AA-8B7D-9A9F1F2C2417}"
EndProject
Project("{8BC9CEB8-8B4A-11D0-8D11-00A0C91BC942}") = "MemoryManager", "..\MemoryManager\MemoryManager.vcproj", "{2FEF1C76-9E4A-4921-B2D3-E536DA918810}"
EndProject
Project("{8BC9CEB8-8B4A-11D0-8D11-00A0C91BC942}") = "wwconfig", "..\wwconfig\wwconfig.vcproj", "{581DB6D3-5CFA-402E-970F-2AFC528CF948}"
	ProjectSection(ProjectDependencies) = postProject
		{2FEF1C76-9E4A-4921-B2D3-E536DA918810} = {2FEF1C76-9E4A-4921-B2D3-E536DA918810}
	EndProjectSection
EndProject
Project("{8BC9CEB8-8B4A-11D0-8D11-00A0C91BC942}") = "ttle", "..\ttle\ttle.vcproj", "{F7687B73-618C-4C45-B1EB-7CF6CDC1BFA0}"
	ProjectSection(ProjectDependencies) = postProject
		{E03CF210-508A-41E5-9B29-5EA732746623} = {E03CF210-508A-41E5-9B29-5EA732746623}
		{2FEF1C76-9E4A-4921-B2D3-E536DA918810} = {2FEF1C76-9E4A-4921-B2D3-E536DA918810}
	EndProjectSection
EndProject
Global
	GlobalSection(SubversionScc) = preSolution
		Svn-Managed = True
		Manager = AnkhSVN - Subversion Support for Visual Studio
	EndGlobalSection
	GlobalSection(SolutionConfigurationPlatforms) = preSolution
		Debug SSGM|Win32 = Debug SSGM|Win32
		Debug|Win32 = Debug|Win32
		Release SSGM|Win32 = Release SSGM|Win32
		Release|Win32 = Release|Win32
	EndGlobalSection
	GlobalSection(ProjectConfigurationPlatforms) = postSolution
		{34D9DA17-32EC-4B72-9CA2-39160513241D}.Debug SSGM|Win32.ActiveCfg = Debug SSGM|Win32
		{34D9DA17-32EC-4B72-9CA2-39160513241D}.Debug SSGM|Win32.Build.0 = Debug SSGM|Win32
		{34D9DA17-32EC-4B72-9CA2-39160513241D}.Debug|Win32.ActiveCfg = Debug|Win32
		{34D9DA17-32EC-4B72-9CA2-39160513241D}.Debug|Win32.Build.0 = Debug|Win32
		{34D9DA17-32EC-4B72-9CA2-39160513241D}.Release SSGM|Win32.ActiveCfg = Release SSGM|Win32
		{34D9DA17-32EC-4B72-9CA2-39160513241D}.Release SSGM|Win32.Build.0 = Release SSGM|Win32
		{34D9DA17-32EC-4B72-9CA2-39160513241D}.Release|Win32.ActiveCfg = Release|Win32
		{34D9DA17-32EC-4B72-9CA2-39160513241D}.Release|Win32.Build.0 = Release|Win32
		{E03CF210-508A-41E5-9B29-5EA732746623}.Debug SSGM|Win32.ActiveCfg = Debug SSGM|Win32
		{E03CF210-508A-41E5-9B29-5EA732746623}.Debug|Win32.ActiveCfg = Debug|Win32
		{E03CF210-508A-41E5-9B29-5EA732746623}.Debug|Win32.Build.0 = Debug|Win32
		{E03CF210-508A-41E5-9B29-5EA732746623}.Release SSGM|Win32.ActiveCfg = Release SSGM|Win32
		{E03CF210-508A-41E5-9B29-5EA732746623}.Release|Win32.ActiveCfg = Release|Win32
		{E03CF210-508A-41E5-9B29-5EA732746623}.Release|Win32.Build.0 = Release|Win32
		{9B549C98-0BF4-4092-AE2A-AD7F780F8405}.Debug SSGM|Win32.ActiveCfg = Debug SSGM|Win32
		{9B549C98-0BF4-4092-AE2A-AD7F780F8405}.Debug SSGM|Win32.Build.0 = Debug SSGM|Win32
		{9B549C98-0BF4-4092-AE2A-AD7F780F8405}.Debug|Win32.ActiveCfg = Debug|Win32
		{9B549C98-0BF4-4092-AE2A-AD7F780F8405}.Debug|Win32.Build.0 = Debug|Win32
		{9B549C98-0BF4-4092-AE2A-AD7F780F8405}.Release SSGM|Win32.ActiveCfg = Release SSGM|Win32
		{9B549C98-0BF4-4092-AE2A-AD7F780F8405}.Release SSGM|Win32.Build.0 = Release SSGM|Win32
		{9B549C98-0BF4-4092-AE2A-AD7F780F8405}.Release|Win32.ActiveCfg = Release|Win32
		{9B549C98-0BF4-4092-AE2A-AD7F780F8405}.Release|Win32.Build.0 = Release|Win32
		{02EB97D5-B1C5-411E-8274-83A95985DE6F}.Debug SSGM|Win32.ActiveCfg = Debug SSGM|Win32
		{02EB97D5-B1C5-411E-8274-83A95985DE6F}.Debug SSGM|Win32.Build.0 = Debug SSGM|Win32
		{02EB97D5-B1C5-411E-8274-83A95985DE6F}.Debug|Win32.ActiveCfg = Debug|Win32
		{02EB97D5-B1C5-411E-8274-83A95985DE6F}.Debug|Win32.Build.0 = Debug|Win32
		{02EB97D5-B1C5-411E-8274-83A95985DE6F}.Release SSGM|Win32.ActiveCfg = Release SSGM|Win32
		{02EB97D5-B1C5-411E-8274-83A95985DE6F}.Release SSGM|Win32.Build.0 = Release SSGM|Win32
		{02EB97D5-B1C5-411E-8274-83A95985DE6F}.Release|Win32.ActiveCfg = Release|Win32
		{02EB97D5-B1C5-411E-8274-83A95985DE6F}.Release|Win32.Build.0 = Release|Win32
		{79E192D4-4B5F-43AA-8B7D-9A9F1F2C2417}.Debug SSGM|Win32.ActiveCfg = Debug SSGM|Win32
		{79E192D4-4B5F-43AA-8B7D-9A9F1F2C2417}.Debug|Win32.ActiveCfg = Debug|Win32
		{79E192D4-4B5F-43AA-8B7D-9A9F1F2C2417}.Debug|Win32.Build.0 = Debug|Win32
		{79E192D4-4B5F-43AA-8B7D-9A9F1F2C2417}.Release SSGM|Win32.ActiveCfg = Release SSGM|Win32
		{79E192D4-4B5F-43AA-8B7D-9A9F1F2C2417}.Release|Win32.ActiveCfg = Release|Win32
		{79E192D4-4B5F-43AA-8B7D-9A9F1F2C2417}.Release|Win32.Build.0 = Release|Win32
		{2FEF1C76-9E4A-4921-B2D3-E536DA918810}.Debug SSGM|Win32.ActiveCfg = Debug|Win32
		{2FEF1C76-9E4A-4921-B2D3-E536DA918810}.Debug SSGM|Win32.Build.0 = Debug|Win32
		{2FEF1C76-9E4A-4921-B2D3-E536DA918810}.Debug|Win32.ActiveCfg = Debug|Win32
		{2FEF1C76-9E4A-4921-B2D3-E536DA918810}.Debug|Win32.Build.0 = Debug|Win32
		{2FEF1C76-9E4A-4921-B2D3-E536DA918810}.Release SSGM|Win32.ActiveCfg = Release|Win32
		{2FEF1C76-9E4A-4921-B2D3-E536DA918810}.Release SSGM|Win32.Build.0 = Release|Win32
		{2FEF1C76-9E4A-4921-B2D3-E536DA918810}.Release|Win32.ActiveCfg = Release|Win32
		{2FEF1C76-9E4A-4921-B2D3-E536DA918810}.Release|Win32.Build.0 = Release|Win32
		{581DB6D3-5CFA-402E-970F-2AFC528CF948}.Debug SSGM|Win32.ActiveCfg = Debug SSGM|Win32
		{581DB6D3-5CFA-402E-970F-2AFC528CF948}.Debug|Win32.ActiveCfg = Debug|Win32
		{581DB6D3-5CFA-402E-970F-2AFC528CF948}.Debug|Win32.Build.0 = Debug|Win32
		{581DB6D3-5CFA-402E-970F-2AFC528CF948}.Release SSGM|Win32.ActiveCfg = Release SSGM|Win32
		{581DB6D3-5CFA-402E-970F-2AFC528CF948}.Release|Win32.ActiveCfg = Release|Win32
		{581DB6D3-5CFA-402E-970F-2AFC528CF948}.Release|Win32.Build.0 = Release|Win32
		{F7687B73-618C-4C45-B1EB-7CF6CDC1BFA0}.Debug SSGM|Win32.ActiveCfg = Debug SSGM|Win32
		{F7687B73-618C-4C45-B1EB-7CF6CDC1BFA0}.Debug|Win32.ActiveCfg = Debug|Win32
		{F7687B73-618C-4C45-B1EB-7CF6CDC1BFA0}.Debug|Win32.Build.0 = Debug|Win32
		{F7687B73-618C-4C45-B1EB-7CF6CDC1BFA0}.Release SSGM|Win32.ActiveCfg = Release SSGM|Win32
		{F7687B73-618C-4C45-B1EB-7CF6CDC1BFA0}.Release|Win32.ActiveCfg = Release|Win32
		{F7687B73-618C-4C45-B1EB-7CF6CDC1BFA0}.Release|Win32.Build.0 = Release|Win32
	EndGlobalSection
	GlobalSection(SolutionProperties) = preSolution
		HideSolutionNode = FALSE
	EndGlobalSection
EndGlobal
